// !$*UTF8*$!
{
	archiveVersion = 1;
	classes = {
	};
	objectVersion = 55;
	objects = {

/* Begin PBXBuildFile section */
		51217DB52805A17C008482BE /* AppDelegate.swift in Sources */ = {isa = PBXBuildFile; fileRef = 51217DB42805A17C008482BE /* AppDelegate.swift */; };
		51217DB72805A17C008482BE /* SceneDelegate.swift in Sources */ = {isa = PBXBuildFile; fileRef = 51217DB62805A17C008482BE /* SceneDelegate.swift */; };
		51217DB92805A17C008482BE /* ViewController.swift in Sources */ = {isa = PBXBuildFile; fileRef = 51217DB82805A17C008482BE /* ViewController.swift */; };
		51217DBC2805A17C008482BE /* Main.storyboard in Resources */ = {isa = PBXBuildFile; fileRef = 51217DBA2805A17C008482BE /* Main.storyboard */; };
		51217DBE2805A181008482BE /* Assets.xcassets in Resources */ = {isa = PBXBuildFile; fileRef = 51217DBD2805A181008482BE /* Assets.xcassets */; };
		51217DC12805A181008482BE /* LaunchScreen.storyboard in Resources */ = {isa = PBXBuildFile; fileRef = 51217DBF2805A181008482BE /* LaunchScreen.storyboard */; };
		51217DC92805A334008482BE /* DetailViewController.swift in Sources */ = {isa = PBXBuildFile; fileRef = 51217DC82805A334008482BE /* DetailViewController.swift */; };
		51217DCD2805A3A0008482BE /* MomentCell.swift in Sources */ = {isa = PBXBuildFile; fileRef = 51217DCC2805A3A0008482BE /* MomentCell.swift */; };
		51217DCF2805A3CC008482BE /* Moment.swift in Sources */ = {isa = PBXBuildFile; fileRef = 51217DCE2805A3CC008482BE /* Moment.swift */; };
/* End PBXBuildFile section */

/* Begin PBXFileReference section */
		51217DB12805A17C008482BE /* MyProject4 - InstantMomentCapture.app */ = {isa = PBXFileReference; explicitFileType = wrapper.application; includeInIndex = 0; path = "MyProject4 - InstantMomentCapture.app"; sourceTree = BUILT_PRODUCTS_DIR; };
		51217DB42805A17C008482BE /* AppDelegate.swift */ = {isa = PBXFileReference; lastKnownFileType = sourcecode.swift; path = AppDelegate.swift; sourceTree = "<group>"; };
		51217DB62805A17C008482BE /* SceneDelegate.swift */ = {isa = PBXFileReference; lastKnownFileType = sourcecode.swift; path = SceneDelegate.swift; sourceTree = "<group>"; };
		51217DB82805A17C008482BE /* ViewController.swift */ = {isa = PBXFileReference; lastKnownFileType = sourcecode.swift; path = ViewController.swift; sourceTree = "<group>"; };
		51217DBB2805A17C008482BE /* Base */ = {isa = PBXFileReference; lastKnownFileType = file.storyboard; name = Base; path = Base.lproj/Main.storyboard; sourceTree = "<group>"; };
		51217DBD2805A181008482BE /* Assets.xcassets */ = {isa = PBXFileReference; lastKnownFileType = folder.assetcatalog; path = Assets.xcassets; sourceTree = "<group>"; };
		51217DC02805A181008482BE /* Base */ = {isa = PBXFileReference; lastKnownFileType = file.storyboard; name = Base; path = Base.lproj/LaunchScreen.storyboard; sourceTree = "<group>"; };
		51217DC22805A181008482BE /* Info.plist */ = {isa = PBXFileReference; lastKnownFileType = text.plist.xml; path = Info.plist; sourceTree = "<group>"; };
		51217DC82805A334008482BE /* DetailViewController.swift */ = {isa = PBXFileReference; lastKnownFileType = sourcecode.swift; path = DetailViewController.swift; sourceTree = "<group>"; };
		51217DCC2805A3A0008482BE /* MomentCell.swift */ = {isa = PBXFileReference; lastKnownFileType = sourcecode.swift; path = MomentCell.swift; sourceTree = "<group>"; };
		51217DCE2805A3CC008482BE /* Moment.swift */ = {isa = PBXFileReference; lastKnownFileType = sourcecode.swift; path = Moment.swift; sourceTree = "<group>"; };
/* End PBXFileReference section */

/* Begin PBXFrameworksBuildPhase section */
		51217DAE2805A17C008482BE /* Frameworks */ = {
			isa = PBXFrameworksBuildPhase;
			buildActionMask = 2147483647;
			files = (
			);
			runOnlyForDeploymentPostprocessing = 0;
		};
/* End PBXFrameworksBuildPhase section */

/* Begin PBXGroup section */
		51217DA82805A17C008482BE = {
			isa = PBXGroup;
			children = (
				51217DB32805A17C008482BE /* MyProject4 - InstantMomentCapture */,
				51217DB22805A17C008482BE /* Products */,
			);
			sourceTree = "<group>";
		};
		51217DB22805A17C008482BE /* Products */ = {
			isa = PBXGroup;
			children = (
				51217DB12805A17C008482BE /* MyProject4 - InstantMomentCapture.app */,
			);
			name = Products;
			sourceTree = "<group>";
		};
		51217DB32805A17C008482BE /* MyProject4 - InstantMomentCapture */ = {
			isa = PBXGroup;
			children = (
				51217DB42805A17C008482BE /* AppDelegate.swift */,
				51217DB62805A17C008482BE /* SceneDelegate.swift */,
				51217DB82805A17C008482BE /* ViewController.swift */,
				51217DBA2805A17C008482BE /* Main.storyboard */,
				51217DC82805A334008482BE /* DetailViewController.swift */,
				51217DCE2805A3CC008482BE /* Moment.swift */,
				51217DCC2805A3A0008482BE /* MomentCell.swift */,
				51217DBD2805A181008482BE /* Assets.xcassets */,
				51217DBF2805A181008482BE /* LaunchScreen.storyboard */,
				51217DC22805A181008482BE /* Info.plist */,
			);
			path = "MyProject4 - InstantMomentCapture";
			sourceTree = "<group>";
		};
/* End PBXGroup section */

/* Begin PBXNativeTarget section */
		51217DB02805A17C008482BE /* MyProject4 - InstantMomentCapture */ = {
			isa = PBXNativeTarget;
			buildConfigurationList = 51217DC52805A181008482BE /* Build configuration list for PBXNativeTarget "MyProject4 - InstantMomentCapture" */;
			buildPhases = (
				51217DAD2805A17C008482BE /* Sources */,
				51217DAE2805A17C008482BE /* Frameworks */,
				51217DAF2805A17C008482BE /* Resources */,
			);
			buildRules = (
			);
			dependencies = (
			);
			name = "MyProject4 - InstantMomentCapture";
			productName = "MyProject4 - InstantMomentCapture";
			productReference = 51217DB12805A17C008482BE /* MyProject4 - InstantMomentCapture.app */;
			productType = "com.apple.product-type.application";
		};
/* End PBXNativeTarget section */

/* Begin PBXProject section */
		51217DA92805A17C008482BE /* Project object */ = {
			isa = PBXProject;
			attributes = {
				BuildIndependentTargetsInParallel = 1;
				LastSwiftUpdateCheck = 1330;
				LastUpgradeCheck = 1330;
				TargetAttributes = {
					51217DB02805A17C008482BE = {
						CreatedOnToolsVersion = 13.3;
					};
				};
			};
			buildConfigurationList = 51217DAC2805A17C008482BE /* Build configuration list for PBXProject "MyProject4 - InstantMomentCapture" */;
			compatibilityVersion = "Xcode 13.0";
			developmentRegion = en;
			hasScannedForEncodings = 0;
			knownRegions = (
				en,
				Base,
			);
			mainGroup = 51217DA82805A17C008482BE;
			productRefGroup = 51217DB22805A17C008482BE /* Products */;
			projectDirPath = "";
			projectRoot = "";
			targets = (
				51217DB02805A17C008482BE /* MyProject4 - InstantMomentCapture */,
			);
		};
/* End PBXProject section */

/* Begin PBXResourcesBuildPhase section */
		51217DAF2805A17C008482BE /* Resources */ = {
			isa = PBXResourcesBuildPhase;
			buildActionMask = 2147483647;
			files = (
				51217DC12805A181008482BE /* LaunchScreen.storyboard in Resources */,
				51217DBE2805A181008482BE /* Assets.xcassets in Resources */,
				51217DBC2805A17C008482BE /* Main.storyboard in Resources */,
			);
			runOnlyForDeploymentPostprocessing = 0;
		};
/* End PBXResourcesBuildPhase section */

/* Begin PBXSourcesBuildPhase section */
		51217DAD2805A17C008482BE /* Sources */ = {
			isa = PBXSourcesBuildPhase;
			buildActionMask = 2147483647;
			files = (
				51217DB92805A17C008482BE /* ViewController.swift in Sources */,
				51217DB52805A17C008482BE /* AppDelegate.swift in Sources */,
				51217DB72805A17C008482BE /* SceneDelegate.swift in Sources */,
				51217DC92805A334008482BE /* DetailViewController.swift in Sources */,
				51217DCD2805A3A0008482BE /* MomentCell.swift in Sources */,
				51217DCF2805A3CC008482BE /* Moment.swift in Sources */,
			);
			runOnlyForDeploymentPostprocessing = 0;
		};
/* End PBXSourcesBuildPhase section */

/* Begin PBXVariantGroup section */
		51217DBA2805A17C008482BE /* Main.storyboard */ = {
			isa = PBXVariantGroup;
			children = (
				51217DBB2805A17C008482BE /* Base */,
			);
			name = Main.storyboard;
			sourceTree = "<group>";
		};
		51217DBF2805A181008482BE /* LaunchScreen.storyboard */ = {
			isa = PBXVariantGroup;
			children = (
				51217DC02805A181008482BE /* Base */,
			);
			name = LaunchScreen.storyboard;
			sourceTree = "<group>";
		};
/* End PBXVariantGroup section */

/* Begin XCBuildConfiguration section */
		51217DC32805A181008482BE /* Debug */ = {
			isa = XCBuildConfiguration;
			buildSettings = {
				ALWAYS_SEARCH_USER_PATHS = NO;
				CLANG_ANALYZER_NONNULL = YES;
				CLANG_ANALYZER_NUMBER_OBJECT_CONVERSION = YES_AGGRESSIVE;
				CLANG_CXX_LANGUAGE_STANDARD = "gnu++17";
				CLANG_ENABLE_MODULES = YES;
				CLANG_ENABLE_OBJC_ARC = YES;
				CLANG_ENABLE_OBJC_WEAK = YES;
				CLANG_WARN_BLOCK_CAPTURE_AUTORELEASING = YES;
				CLANG_WARN_BOOL_CONVERSION = YES;
				CLANG_WARN_COMMA = YES;
				CLANG_WARN_CONSTANT_CONVERSION = YES;
				CLANG_WARN_DEPRECATED_OBJC_IMPLEMENTATIONS = YES;
				CLANG_WARN_DIRECT_OBJC_ISA_USAGE = YES_ERROR;
				CLANG_WARN_DOCUMENTATION_COMMENTS = YES;
				CLANG_WARN_EMPTY_BODY = YES;
				CLANG_WARN_ENUM_CONVERSION = YES;
				CLANG_WARN_INFINITE_RECURSION = YES;
				CLANG_WARN_INT_CONVERSION = YES;
				CLANG_WARN_NON_LITERAL_NULL_CONVERSION = YES;
				CLANG_WARN_OBJC_IMPLICIT_RETAIN_SELF = YES;
				CLANG_WARN_OBJC_LITERAL_CONVERSION = YES;
				CLANG_WARN_OBJC_ROOT_CLASS = YES_ERROR;
				CLANG_WARN_QUOTED_INCLUDE_IN_FRAMEWORK_HEADER = YES;
				CLANG_WARN_RANGE_LOOP_ANALYSIS = YES;
				CLANG_WARN_STRICT_PROTOTYPES = YES;
				CLANG_WARN_SUSPICIOUS_MOVE = YES;
				CLANG_WARN_UNGUARDED_AVAILABILITY = YES_AGGRESSIVE;
				CLANG_WARN_UNREACHABLE_CODE = YES;
				CLANG_WARN__DUPLICATE_METHOD_MATCH = YES;
				COPY_PHASE_STRIP = NO;
				DEBUG_INFORMATION_FORMAT = dwarf;
				ENABLE_STRICT_OBJC_MSGSEND = YES;
				ENABLE_TESTABILITY = YES;
				GCC_C_LANGUAGE_STANDARD = gnu11;
				GCC_DYNAMIC_NO_PIC = NO;
				GCC_NO_COMMON_BLOCKS = YES;
				GCC_OPTIMIZATION_LEVEL = 0;
				GCC_PREPROCESSOR_DEFINITIONS = (
					"DEBUG=1",
					"$(inherited)",
				);
				GCC_WARN_64_TO_32_BIT_CONVERSION = YES;
				GCC_WARN_ABOUT_RETURN_TYPE = YES_ERROR;
				GCC_WARN_UNDECLARED_SELECTOR = YES;
				GCC_WARN_UNINITIALIZED_AUTOS = YES_AGGRESSIVE;
				GCC_WARN_UNUSED_FUNCTION = YES;
				GCC_WARN_UNUSED_VARIABLE = YES;
				IPHONEOS_DEPLOYMENT_TARGET = 15.4;
				MTL_ENABLE_DEBUG_INFO = INCLUDE_SOURCE;
				MTL_FAST_MATH = YES;
				ONLY_ACTIVE_ARCH = YES;
				SDKROOT = iphoneos;
				SWIFT_ACTIVE_COMPILATION_CONDITIONS = DEBUG;
				SWIFT_OPTIMIZATION_LEVEL = "-Onone";
			};
			name = Debug;
		};
		51217DC42805A181008482BE /* Release */ = {
			isa = XCBuildConfiguration;
			buildSettings = {
				ALWAYS_SEARCH_USER_PATHS = NO;
				CLANG_ANALYZER_NONNULL = YES;
				CLANG_ANALYZER_NUMBER_OBJECT_CONVERSION = YES_AGGRESSIVE;
				CLANG_CXX_LANGUAGE_STANDARD = "gnu++17";
				CLANG_ENABLE_MODULES = YES;
				CLANG_ENABLE_OBJC_ARC = YES;
				CLANG_ENABLE_OBJC_WEAK = YES;
				CLANG_WARN_BLOCK_CAPTURE_AUTORELEASING = YES;
				CLANG_WARN_BOOL_CONVERSION = YES;
				CLANG_WARN_COMMA = YES;
				CLANG_WARN_CONSTANT_CONVERSION = YES;
				CLANG_WARN_DEPRECATED_OBJC_IMPLEMENTATIONS = YES;
				CLANG_WARN_DIRECT_OBJC_ISA_USAGE = YES_ERROR;
				CLANG_WARN_DOCUMENTATION_COMMENTS = YES;
				CLANG_WARN_EMPTY_BODY = YES;
				CLANG_WARN_ENUM_CONVERSION = YES;
				CLANG_WARN_INFINITE_RECURSION = YES;
				CLANG_WARN_INT_CONVERSION = YES;
				CLANG_WARN_NON_LITERAL_NULL_CONVERSION = YES;
				CLANG_WARN_OBJC_IMPLICIT_RETAIN_SELF = YES;
				CLANG_WARN_OBJC_LITERAL_CONVERSION = YES;
				CLANG_WARN_OBJC_ROOT_CLASS = YES_ERROR;
				CLANG_WARN_QUOTED_INCLUDE_IN_FRAMEWORK_HEADER = YES;
				CLANG_WARN_RANGE_LOOP_ANALYSIS = YES;
				CLANG_WARN_STRICT_PROTOTYPES = YES;
				CLANG_WARN_SUSPICIOUS_MOVE = YES;
				CLANG_WARN_UNGUARDED_AVAILABILITY = YES_AGGRESSIVE;
				CLANG_WARN_UNREACHABLE_CODE = YES;
				CLANG_WARN__DUPLICATE_METHOD_MATCH = YES;
				COPY_PHASE_STRIP = NO;
				DEBUG_INFORMATION_FORMAT = "dwarf-with-dsym";
				ENABLE_NS_ASSERTIONS = NO;
				ENABLE_STRICT_OBJC_MSGSEND = YES;
				GCC_C_LANGUAGE_STANDARD = gnu11;
				GCC_NO_COMMON_BLOCKS = YES;
				GCC_WARN_64_TO_32_BIT_CONVERSION = YES;
				GCC_WARN_ABOUT_RETURN_TYPE = YES_ERROR;
				GCC_WARN_UNDECLARED_SELECTOR = YES;
				GCC_WARN_UNINITIALIZED_AUTOS = YES_AGGRESSIVE;
				GCC_WARN_UNUSED_FUNCTION = YES;
				GCC_WARN_UNUSED_VARIABLE = YES;
				IPHONEOS_DEPLOYMENT_TARGET = 15.4;
				MTL_ENABLE_DEBUG_INFO = NO;
				MTL_FAST_MATH = YES;
				SDKROOT = iphoneos;
				SWIFT_COMPILATION_MODE = wholemodule;
				SWIFT_OPTIMIZATION_LEVEL = "-O";
				VALIDATE_PRODUCT = YES;
			};
			name = Release;
		};
		51217DC62805A181008482BE /* Debug */ = {
			isa = XCBuildConfiguration;
			buildSettings = {
				ASSETCATALOG_COMPILER_APPICON_NAME = AppIcon;
				ASSETCATALOG_COMPILER_GLOBAL_ACCENT_COLOR_NAME = AccentColor;
				CODE_SIGN_STYLE = Automatic;
				CURRENT_PROJECT_VERSION = 1;
				DEVELOPMENT_TEAM = V936C69V6G;
				GENERATE_INFOPLIST_FILE = YES;
				INFOPLIST_FILE = "MyProject4 - InstantMomentCapture/Info.plist";
				INFOPLIST_KEY_UIApplicationSupportsIndirectInputEvents = YES;
				INFOPLIST_KEY_UILaunchStoryboardName = LaunchScreen;
				INFOPLIST_KEY_UIMainStoryboardFile = Main;
				INFOPLIST_KEY_UISupportedInterfaceOrientations = UIInterfaceOrientationPortrait;
				INFOPLIST_KEY_UISupportedInterfaceOrientations_iPad = "UIInterfaceOrientationPortrait UIInterfaceOrientationPortraitUpsideDown UIInterfaceOrientationLandscapeLeft UIInterfaceOrientationLandscapeRight";
				INFOPLIST_KEY_UISupportedInterfaceOrientations_iPhone = "UIInterfaceOrientationPortrait UIInterfaceOrientationLandscapeLeft UIInterfaceOrientationLandscapeRight";
				LD_RUNPATH_SEARCH_PATHS = (
					"$(inherited)",
					"@executable_path/Frameworks",
				);
				MARKETING_VERSION = 1.0;
				PRODUCT_BUNDLE_IDENTIFIER = "vitalivyucheiski.Project1ab---StormViewer";
				PRODUCT_NAME = "$(TARGET_NAME)";
				SWIFT_EMIT_LOC_STRINGS = YES;
				SWIFT_VERSION = 5.0;
				TARGETED_DEVICE_FAMILY = "1,2";
			};
			name = Debug;
		};
		51217DC72805A181008482BE /* Release */ = {
			isa = XCBuildConfiguration;
			buildSettings = {
				ASSETCATALOG_COMPILER_APPICON_NAME = AppIcon;
				ASSETCATALOG_COMPILER_GLOBAL_ACCENT_COLOR_NAME = AccentColor;
				CODE_SIGN_STYLE = Automatic;
				CURRENT_PROJECT_VERSION = 1;
				DEVELOPMENT_TEAM = V936C69V6G;
				GENERATE_INFOPLIST_FILE = YES;
				INFOPLIST_FILE = "MyProject4 - InstantMomentCapture/Info.plist";
				INFOPLIST_KEY_UIApplicationSupportsIndirectInputEvents = YES;
				INFOPLIST_KEY_UILaunchStoryboardName = LaunchScreen;
				INFOPLIST_KEY_UIMainStoryboardFile = Main;
				INFOPLIST_KEY_UISupportedInterfaceOrientations = UIInterfaceOrientationPortrait;
				INFOPLIST_KEY_UISupportedInterfaceOrientations_iPad = "UIInterfaceOrientationPortrait UIInterfaceOrientationPortraitUpsideDown UIInterfaceOrientationLandscapeLeft UIInterfaceOrientationLandscapeRight";
				INFOPLIST_KEY_UISupportedInterfaceOrientations_iPhone = "UIInterfaceOrientationPortrait UIInterfaceOrientationLandscapeLeft UIInterfaceOrientationLandscapeRight";
				LD_RUNPATH_SEARCH_PATHS = (
					"$(inherited)",
					"@executable_path/Frameworks",
				);
				MARKETING_VERSION = 1.0;
				PRODUCT_BUNDLE_IDENTIFIER = "vitalivyucheiski.Project1ab---StormViewer";
				PRODUCT_NAME = "$(TARGET_NAME)";
				SWIFT_EMIT_LOC_STRINGS = YES;
				SWIFT_VERSION = 5.0;
				TARGETED_DEVICE_FAMILY = "1,2";
			};
			name = Release;
		};
/* End XCBuildConfiguration section */

/* Begin XCConfigurationList section */
		51217DAC2805A17C008482BE /* Build configuration list for PBXProject "MyProject4 - InstantMomentCapture" */ = {
			isa = XCConfigurationList;
			buildConfigurations = (
				51217DC32805A181008482BE /* Debug */,
				51217DC42805A181008482BE /* Release */,
			);
			defaultConfigurationIsVisible = 0;
			defaultConfigurationName = Release;
		};
		51217DC52805A181008482BE /* Build configuration list for PBXNativeTarget "MyProject4 - InstantMomentCapture" */ = {
			isa = XCConfigurationList;
			buildConfigurations = (
				51217DC62805A181008482BE /* Debug */,
				51217DC72805A181008482BE /* Release */,
			);
			defaultConfigurationIsVisible = 0;
			defaultConfigurationName = Release;
		};
/* End XCConfigurationList section */
	};
	rootObject = 51217DA92805A17C008482BE /* Project object */;
}
